
Microsoft Visual Studio Solution File, Format Version 12.00
# Visual Studio Version 16
VisualStudioVersion = 16.0.33328.57
MinimumVisualStudioVersion = 10.0.40219.1
Project("{8BC9CEB8-8B4A-11D0-8D11-00A0C91BC942}") = "Zadatak3", "Zadatak3\Zadatak3.vcxproj", "{AA0769AF-8C47-4526-81C1-9CAB3FA98440}"
EndProject
Project("{8BC9CEB8-8B4A-11D0-8D11-00A0C91BC942}") = "Zadatak18", "Zadatak18\Zadatak18.vcxproj", "{97F0CB1E-E5BC-4620-98A1-FEB4A36C637D}"
EndProject
Global
	GlobalSection(SolutionConfigurationPlatforms) = preSolution
		Debug|x64 = Debug|x64
		Debug|x86 = Debug|x86
		Release|x64 = Release|x64
		Release|x86 = Release|x86
	EndGlobalSection
	GlobalSection(ProjectConfigurationPlatforms) = postSolution
		{AA0769AF-8C47-4526-81C1-9CAB3FA98440}.Debug|x64.ActiveCfg = Debug|x64
		{AA0769AF-8C47-4526-81C1-9CAB3FA98440}.Debug|x64.Build.0 = Debug|x64
		{AA0769AF-8C47-4526-81C1-9CAB3FA98440}.Debug|x86.ActiveCfg = Debug|Win32
		{AA0769AF-8C47-4526-81C1-9CAB3FA98440}.Debug|x86.Build.0 = Debug|Win32
		{AA0769AF-8C47-4526-81C1-9CAB3FA98440}.Release|x64.ActiveCfg = Release|x64
		{AA0769AF-8C47-4526-81C1-9CAB3FA98440}.Release|x64.Build.0 = Release|x64
		{AA0769AF-8C47-4526-81C1-9CAB3FA98440}.Release|x86.ActiveCfg = Release|Win32
		{AA0769AF-8C47-4526-81C1-9CAB3FA98440}.Release|x86.Build.0 = Release|Win32
		{97F0CB1E-E5BC-4620-98A1-FEB4A36C637D}.Debug|x64.ActiveCfg = Debug|x64
		{97F0CB1E-E5BC-4620-98A1-FEB4A36C637D}.Debug|x64.Build.0 = Debug|x64
		{97F0CB1E-E5BC-4620-98A1-FEB4A36C637D}.Debug|x86.ActiveCfg = Debug|Win32
		{97F0CB1E-E5BC-4620-98A1-FEB4A36C637D}.Debug|x86.Build.0 = Debug|Win32
		{97F0CB1E-E5BC-4620-98A1-FEB4A36C637D}.Release|x64.ActiveCfg = Release|x64
		{97F0CB1E-E5BC-4620-98A1-FEB4A36C637D}.Release|x64.Build.0 = Release|x64
		{97F0CB1E-E5BC-4620-98A1-FEB4A36C637D}.Release|x86.ActiveCfg = Release|Win32
		{97F0CB1E-E5BC-4620-98A1-FEB4A36C637D}.Release|x86.Build.0 = Release|Win32
	EndGlobalSection
	GlobalSection(SolutionProperties) = preSolution
		HideSolutionNode = FALSE
	EndGlobalSection
	GlobalSection(ExtensibilityGlobals) = postSolution
		SolutionGuid = {62108422-DED9-455A-9BEA-BCF6AA48F52E}
	EndGlobalSection
EndGlobal
